
Microsoft Visual Studio Solution File, Format Version 12.00
# Visual Studio Version 17
VisualStudioVersion = 17.3.32929.385
MinimumVisualStudioVersion = 10.0.40219.1
Project("{9A19103F-16F7-4668-BE54-9A1E7A4F7556}") = "Evolution", "Evolution\Evolution.csproj", "{0042B056-E667-4812-911A-1C5AF868D758}"
EndProject
Project("{9A19103F-16F7-4668-BE54-9A1E7A4F7556}") = "EvolutionUpdater", "EvolutionUpdater\EvolutionUpdater.csproj", "{7098784B-AD99-48F7-9DC9-43F48BCE9D3C}"
EndProject
Global
	GlobalSection(SolutionConfigurationPlatforms) = preSolution
		Debug|Any CPU = Debug|Any CPU
		Release|Any CPU = Release|Any CPU
	EndGlobalSection
	GlobalSection(ProjectConfigurationPlatforms) = postSolution
		{0042B056-E667-4812-911A-1C5AF868D758}.Debug|Any CPU.ActiveCfg = Debug|Any CPU
		{0042B056-E667-4812-911A-1C5AF868D758}.Debug|Any CPU.Build.0 = Debug|Any CPU
		{0042B056-E667-4812-911A-1C5AF868D758}.Release|Any CPU.ActiveCfg = Release|Any CPU
		{0042B056-E667-4812-911A-1C5AF868D758}.Release|Any CPU.Build.0 = Release|Any CPU
		{7098784B-AD99-48F7-9DC9-43F48BCE9D3C}.Debug|Any CPU.ActiveCfg = Debug|Any CPU
		{7098784B-AD99-48F7-9DC9-43F48BCE9D3C}.Debug|Any CPU.Build.0 = Debug|Any CPU
		{7098784B-AD99-48F7-9DC9-43F48BCE9D3C}.Release|Any CPU.ActiveCfg = Release|Any CPU
		{7098784B-AD99-48F7-9DC9-43F48BCE9D3C}.Release|Any CPU.Build.0 = Release|Any CPU
	EndGlobalSection
	GlobalSection(SolutionProperties) = preSolution
		HideSolutionNode = FALSE
	EndGlobalSection
	GlobalSection(ExtensibilityGlobals) = postSolution
		SolutionGuid = {C6B07639-02F1-475E-B17F-44665F40DFA5}
	EndGlobalSection
EndGlobal
